
Microsoft Visual Studio Solution File, Format Version 12.00
# Visual Studio Version 16
VisualStudioVersion = 16.0.31321.278
MinimumVisualStudioVersion = 10.0.40219.1
Project("{9A19103F-16F7-4668-BE54-9A1E7A4F7556}") = "Entities", "Entities\Entities.csproj", "{6D97A68A-2F57-4716-9939-53E2CCC10B9F}"
EndProject
Project("{9A19103F-16F7-4668-BE54-9A1E7A4F7556}") = "Core", "Core\Core.csproj", "{20D26C4E-CD63-40E7-B322-4E49D3BF1505}"
EndProject
Project("{9A19103F-16F7-4668-BE54-9A1E7A4F7556}") = "DataAccess", "DataAccess\DataAccess.csproj", "{9A2E3292-3A4F-43A1-9C8B-DFD1AC5F2FDA}"
EndProject
Project("{FAE04EC0-301F-11D3-BF4B-00C04F79EFBC}") = "Business", "Business\Business.csproj", "{4E8BF390-3F91-4063-B127-11DF00BF691A}"
EndProject
Project("{FAE04EC0-301F-11D3-BF4B-00C04F79EFBC}") = "WebAPI", "WebAPI\WebAPI.csproj", "{C641BFD2-9A05-4951-A4CD-3623C24837FA}"
EndProject
Global
	GlobalSection(SolutionConfigurationPlatforms) = preSolution
		Debug|Any CPU = Debug|Any CPU
		Release|Any CPU = Release|Any CPU
	EndGlobalSection
	GlobalSection(ProjectConfigurationPlatforms) = postSolution
		{6D97A68A-2F57-4716-9939-53E2CCC10B9F}.Debug|Any CPU.ActiveCfg = Debug|Any CPU
		{6D97A68A-2F57-4716-9939-53E2CCC10B9F}.Debug|Any CPU.Build.0 = Debug|Any CPU
		{6D97A68A-2F57-4716-9939-53E2CCC10B9F}.Release|Any CPU.ActiveCfg = Release|Any CPU
		{6D97A68A-2F57-4716-9939-53E2CCC10B9F}.Release|Any CPU.Build.0 = Release|Any CPU
		{20D26C4E-CD63-40E7-B322-4E49D3BF1505}.Debug|Any CPU.ActiveCfg = Debug|Any CPU
		{20D26C4E-CD63-40E7-B322-4E49D3BF1505}.Debug|Any CPU.Build.0 = Debug|Any CPU
		{20D26C4E-CD63-40E7-B322-4E49D3BF1505}.Release|Any CPU.ActiveCfg = Release|Any CPU
		{20D26C4E-CD63-40E7-B322-4E49D3BF1505}.Release|Any CPU.Build.0 = Release|Any CPU
		{9A2E3292-3A4F-43A1-9C8B-DFD1AC5F2FDA}.Debug|Any CPU.ActiveCfg = Debug|Any CPU
		{9A2E3292-3A4F-43A1-9C8B-DFD1AC5F2FDA}.Debug|Any CPU.Build.0 = Debug|Any CPU
		{9A2E3292-3A4F-43A1-9C8B-DFD1AC5F2FDA}.Release|Any CPU.ActiveCfg = Release|Any CPU
		{9A2E3292-3A4F-43A1-9C8B-DFD1AC5F2FDA}.Release|Any CPU.Build.0 = Release|Any CPU
		{4E8BF390-3F91-4063-B127-11DF00BF691A}.Debug|Any CPU.ActiveCfg = Debug|Any CPU
		{4E8BF390-3F91-4063-B127-11DF00BF691A}.Debug|Any CPU.Build.0 = Debug|Any CPU
		{4E8BF390-3F91-4063-B127-11DF00BF691A}.Release|Any CPU.ActiveCfg = Release|Any CPU
		{4E8BF390-3F91-4063-B127-11DF00BF691A}.Release|Any CPU.Build.0 = Release|Any CPU
		{C641BFD2-9A05-4951-A4CD-3623C24837FA}.Debug|Any CPU.ActiveCfg = Debug|Any CPU
		{C641BFD2-9A05-4951-A4CD-3623C24837FA}.Debug|Any CPU.Build.0 = Debug|Any CPU
		{C641BFD2-9A05-4951-A4CD-3623C24837FA}.Release|Any CPU.ActiveCfg = Release|Any CPU
		{C641BFD2-9A05-4951-A4CD-3623C24837FA}.Release|Any CPU.Build.0 = Release|Any CPU
	EndGlobalSection
	GlobalSection(SolutionProperties) = preSolution
		HideSolutionNode = FALSE
	EndGlobalSection
	GlobalSection(ExtensibilityGlobals) = postSolution
		SolutionGuid = {11E8F7A9-EDFE-4FBB-9AA6-E7CB29C95129}
	EndGlobalSection
EndGlobal
